
Microsoft Visual Studio Solution File, Format Version 12.00
# Visual Studio Version 17
VisualStudioVersion = 17.7.34024.191
MinimumVisualStudioVersion = 10.0.40219.1
Project("{2150E333-8FDC-42A3-9474-1A3956D46DE8}") = "Task0", "Task0", "{B615C02B-DDB5-4C77-BC99-FD9864BA8A06}"
EndProject
Project("{FAE04EC0-301F-11D3-BF4B-00C04F79EFBC}") = "Tyuiu.KosovAS.Sprint0.V0", "Tyuiu.KosovAS.Sprint0.V0\Tyuiu.KosovAS.Sprint0.V0.csproj", "{B8514577-568B-41D9-A5BC-648C660A965F}"
EndProject
Project("{2150E333-8FDC-42A3-9474-1A3956D46DE8}") = "Task1", "Task1", "{325E715F-0125-4053-A93F-70FBA9A2132D}"
EndProject
Project("{FAE04EC0-301F-11D3-BF4B-00C04F79EFBC}") = "Tyuiu.KosovAS.Sprint0.Task1", "Tyuiu.KosovAS.Sprint0.Task1\Tyuiu.KosovAS.Sprint0.Task1.csproj", "{6263B42E-6188-4F0A-8D6C-DB683499C59C}"
EndProject
Project("{2150E333-8FDC-42A3-9474-1A3956D46DE8}") = "Task2", "Task2", "{F87FBE83-D5D2-4325-9744-4007B36FDE10}"
EndProject
Project("{FAE04EC0-301F-11D3-BF4B-00C04F79EFBC}") = "Tyuiu.KosovAS.Sprint0.Task2.V0", "Tyuiu.KosovAS.Sprint0.Task2.V0\Tyuiu.KosovAS.Sprint0.Task2.V0.csproj", "{4A9EC98E-2A9B-4344-BF88-69B80974590E}"
EndProject
Project("{FAE04EC0-301F-11D3-BF4B-00C04F79EFBC}") = "Tyuiu.KosovAS.Sprint0.Task2.V0.Lib", "Tyuiu.KosovAS.Sprint0.Task2.V0.Lib\Tyuiu.KosovAS.Sprint0.Task2.V0.Lib.csproj", "{9E89CBE5-0412-4EAD-B8A3-5724B3ED0F05}"
EndProject
Project("{FAE04EC0-301F-11D3-BF4B-00C04F79EFBC}") = "Tyuiu.KosovAS.Sprint0.Task2.V0.Test", "Tyuiu.KosovAS.Sprint0.Task2.V0.Test\Tyuiu.KosovAS.Sprint0.Task2.V0.Test.csproj", "{ECAED78F-358F-421C-AD25-4701E6583F5D}"
EndProject
Project("{2150E333-8FDC-42A3-9474-1A3956D46DE8}") = "Task3", "Task3", "{C3CE0EDA-6C9F-44C2-ACCE-0918148ABCBF}"
EndProject
Project("{FAE04EC0-301F-11D3-BF4B-00C04F79EFBC}") = "Tyuiu.KosovAS.Sprint0.Task3.V0", "Tyuiu.KosovAS.Sprint0.Task3.V0\Tyuiu.KosovAS.Sprint0.Task3.V0.csproj", "{305FDDF1-D1BD-487C-9E73-7E1427F71E7C}"
EndProject
Project("{FAE04EC0-301F-11D3-BF4B-00C04F79EFBC}") = "Tyuiu.KosovAS.Sprint0.Task3.V0.Lib", "Tyuiu.KosovAS.Sprint0.Task3.V0.Lib\Tyuiu.KosovAS.Sprint0.Task3.V0.Lib.csproj", "{0E2E02AE-03F5-4521-A5E8-E2705A39A700}"
EndProject
Project("{FAE04EC0-301F-11D3-BF4B-00C04F79EFBC}") = "Tyuiu.KosovAS.Sprint0.Task3.V0.Test", "Tyuiu.KosovAS.Sprint0.Task3.V0.Test\Tyuiu.KosovAS.Sprint0.Task3.V0.Test.csproj", "{0E0E8376-38EC-455D-8F12-2D2C026AEC75}"
EndProject
Global
	GlobalSection(SolutionConfigurationPlatforms) = preSolution
		Debug|Any CPU = Debug|Any CPU
		Release|Any CPU = Release|Any CPU
	EndGlobalSection
	GlobalSection(ProjectConfigurationPlatforms) = postSolution
		{B8514577-568B-41D9-A5BC-648C660A965F}.Debug|Any CPU.ActiveCfg = Debug|Any CPU
		{B8514577-568B-41D9-A5BC-648C660A965F}.Debug|Any CPU.Build.0 = Debug|Any CPU
		{B8514577-568B-41D9-A5BC-648C660A965F}.Release|Any CPU.ActiveCfg = Release|Any CPU
		{B8514577-568B-41D9-A5BC-648C660A965F}.Release|Any CPU.Build.0 = Release|Any CPU
		{6263B42E-6188-4F0A-8D6C-DB683499C59C}.Debug|Any CPU.ActiveCfg = Debug|Any CPU
		{6263B42E-6188-4F0A-8D6C-DB683499C59C}.Debug|Any CPU.Build.0 = Debug|Any CPU
		{6263B42E-6188-4F0A-8D6C-DB683499C59C}.Release|Any CPU.ActiveCfg = Release|Any CPU
		{6263B42E-6188-4F0A-8D6C-DB683499C59C}.Release|Any CPU.Build.0 = Release|Any CPU
		{4A9EC98E-2A9B-4344-BF88-69B80974590E}.Debug|Any CPU.ActiveCfg = Debug|Any CPU
		{4A9EC98E-2A9B-4344-BF88-69B80974590E}.Debug|Any CPU.Build.0 = Debug|Any CPU
		{4A9EC98E-2A9B-4344-BF88-69B80974590E}.Release|Any CPU.ActiveCfg = Release|Any CPU
		{4A9EC98E-2A9B-4344-BF88-69B80974590E}.Release|Any CPU.Build.0 = Release|Any CPU
		{9E89CBE5-0412-4EAD-B8A3-5724B3ED0F05}.Debug|Any CPU.ActiveCfg = Debug|Any CPU
		{9E89CBE5-0412-4EAD-B8A3-5724B3ED0F05}.Debug|Any CPU.Build.0 = Debug|Any CPU
		{9E89CBE5-0412-4EAD-B8A3-5724B3ED0F05}.Release|Any CPU.ActiveCfg = Release|Any CPU
		{9E89CBE5-0412-4EAD-B8A3-5724B3ED0F05}.Release|Any CPU.Build.0 = Release|Any CPU
		{ECAED78F-358F-421C-AD25-4701E6583F5D}.Debug|Any CPU.ActiveCfg = Debug|Any CPU
		{ECAED78F-358F-421C-AD25-4701E6583F5D}.Debug|Any CPU.Build.0 = Debug|Any CPU
		{ECAED78F-358F-421C-AD25-4701E6583F5D}.Release|Any CPU.ActiveCfg = Release|Any CPU
		{ECAED78F-358F-421C-AD25-4701E6583F5D}.Release|Any CPU.Build.0 = Release|Any CPU
		{305FDDF1-D1BD-487C-9E73-7E1427F71E7C}.Debug|Any CPU.ActiveCfg = Debug|Any CPU
		{305FDDF1-D1BD-487C-9E73-7E1427F71E7C}.Debug|Any CPU.Build.0 = Debug|Any CPU
		{305FDDF1-D1BD-487C-9E73-7E1427F71E7C}.Release|Any CPU.ActiveCfg = Release|Any CPU
		{305FDDF1-D1BD-487C-9E73-7E1427F71E7C}.Release|Any CPU.Build.0 = Release|Any CPU
		{0E2E02AE-03F5-4521-A5E8-E2705A39A700}.Debug|Any CPU.ActiveCfg = Debug|Any CPU
		{0E2E02AE-03F5-4521-A5E8-E2705A39A700}.Debug|Any CPU.Build.0 = Debug|Any CPU
		{0E2E02AE-03F5-4521-A5E8-E2705A39A700}.Release|Any CPU.ActiveCfg = Release|Any CPU
		{0E2E02AE-03F5-4521-A5E8-E2705A39A700}.Release|Any CPU.Build.0 = Release|Any CPU
		{0E0E8376-38EC-455D-8F12-2D2C026AEC75}.Debug|Any CPU.ActiveCfg = Debug|Any CPU
		{0E0E8376-38EC-455D-8F12-2D2C026AEC75}.Debug|Any CPU.Build.0 = Debug|Any CPU
		{0E0E8376-38EC-455D-8F12-2D2C026AEC75}.Release|Any CPU.ActiveCfg = Release|Any CPU
		{0E0E8376-38EC-455D-8F12-2D2C026AEC75}.Release|Any CPU.Build.0 = Release|Any CPU
	EndGlobalSection
	GlobalSection(SolutionProperties) = preSolution
		HideSolutionNode = FALSE
	EndGlobalSection
	GlobalSection(NestedProjects) = preSolution
		{B8514577-568B-41D9-A5BC-648C660A965F} = {B615C02B-DDB5-4C77-BC99-FD9864BA8A06}
		{6263B42E-6188-4F0A-8D6C-DB683499C59C} = {325E715F-0125-4053-A93F-70FBA9A2132D}
		{4A9EC98E-2A9B-4344-BF88-69B80974590E} = {F87FBE83-D5D2-4325-9744-4007B36FDE10}
		{9E89CBE5-0412-4EAD-B8A3-5724B3ED0F05} = {F87FBE83-D5D2-4325-9744-4007B36FDE10}
		{ECAED78F-358F-421C-AD25-4701E6583F5D} = {F87FBE83-D5D2-4325-9744-4007B36FDE10}
		{305FDDF1-D1BD-487C-9E73-7E1427F71E7C} = {C3CE0EDA-6C9F-44C2-ACCE-0918148ABCBF}
		{0E2E02AE-03F5-4521-A5E8-E2705A39A700} = {C3CE0EDA-6C9F-44C2-ACCE-0918148ABCBF}
		{0E0E8376-38EC-455D-8F12-2D2C026AEC75} = {C3CE0EDA-6C9F-44C2-ACCE-0918148ABCBF}
	EndGlobalSection
	GlobalSection(ExtensibilityGlobals) = postSolution
		SolutionGuid = {7C53AAAE-F5FD-4A8A-99DE-C229CC034B08}
	EndGlobalSection
EndGlobal
